// !$*UTF8*$!
{
	archiveVersion = 1;
	classes = {
	};
	objectVersion = 50;
	objects = {

/* Begin PBXBuildFile section */
		290B673024EF19A700A88F57 /* AppDelegate.swift in Sources */ = {isa = PBXBuildFile; fileRef = 290B672F24EF19A700A88F57 /* AppDelegate.swift */; };
		290B673224EF19A700A88F57 /* SceneDelegate.swift in Sources */ = {isa = PBXBuildFile; fileRef = 290B673124EF19A700A88F57 /* SceneDelegate.swift */; };
		290B673424EF19A700A88F57 /* ViewController.swift in Sources */ = {isa = PBXBuildFile; fileRef = 290B673324EF19A700A88F57 /* ViewController.swift */; };
		290B673724EF19A700A88F57 /* Main.storyboard in Resources */ = {isa = PBXBuildFile; fileRef = 290B673524EF19A700A88F57 /* Main.storyboard */; };
		290B673924EF19A900A88F57 /* Assets.xcassets in Resources */ = {isa = PBXBuildFile; fileRef = 290B673824EF19A900A88F57 /* Assets.xcassets */; };
		290B673C24EF19A900A88F57 /* LaunchScreen.storyboard in Resources */ = {isa = PBXBuildFile; fileRef = 290B673A24EF19A900A88F57 /* LaunchScreen.storyboard */; };
		290B674724EF19AA00A88F57 /* TrekkerTests.swift in Sources */ = {isa = PBXBuildFile; fileRef = 290B674624EF19AA00A88F57 /* TrekkerTests.swift */; };
		290B675224EF19AA00A88F57 /* TrekkerUITests.swift in Sources */ = {isa = PBXBuildFile; fileRef = 290B675124EF19AA00A88F57 /* TrekkerUITests.swift */; };
		290B676024EF19D600A88F57 /* GoogleService-Info.plist in Resources */ = {isa = PBXBuildFile; fileRef = 290B675F24EF19D600A88F57 /* GoogleService-Info.plist */; };
		4A0EFD8E441B0E34BCEABDE6 /* Pods_Trekker.framework in Frameworks */ = {isa = PBXBuildFile; fileRef = F6A8916202146C5AF4927653 /* Pods_Trekker.framework */; };
		95CF1BE8294AB66E1B06C5BD /* Pods_Trekker_TrekkerUITests.framework in Frameworks */ = {isa = PBXBuildFile; fileRef = 99FA62C750F42D59AA0B1A8F /* Pods_Trekker_TrekkerUITests.framework */; };
		C71A4F6FE3B289E3C5906AF2 /* Pods_TrekkerTests.framework in Frameworks */ = {isa = PBXBuildFile; fileRef = DEC10E69C377FE9D6D6B2492 /* Pods_TrekkerTests.framework */; };
/* End PBXBuildFile section */

/* Begin PBXContainerItemProxy section */
		290B674324EF19AA00A88F57 /* PBXContainerItemProxy */ = {
			isa = PBXContainerItemProxy;
			containerPortal = 290B672424EF19A700A88F57 /* Project object */;
			proxyType = 1;
			remoteGlobalIDString = 290B672B24EF19A700A88F57;
			remoteInfo = Trekker;
		};
		290B674E24EF19AA00A88F57 /* PBXContainerItemProxy */ = {
			isa = PBXContainerItemProxy;
			containerPortal = 290B672424EF19A700A88F57 /* Project object */;
			proxyType = 1;
			remoteGlobalIDString = 290B672B24EF19A700A88F57;
			remoteInfo = Trekker;
		};
/* End PBXContainerItemProxy section */

/* Begin PBXFileReference section */
		290B672C24EF19A700A88F57 /* Trekker.app */ = {isa = PBXFileReference; explicitFileType = wrapper.application; includeInIndex = 0; path = Trekker.app; sourceTree = BUILT_PRODUCTS_DIR; };
		290B672F24EF19A700A88F57 /* AppDelegate.swift */ = {isa = PBXFileReference; lastKnownFileType = sourcecode.swift; path = AppDelegate.swift; sourceTree = "<group>"; };
		290B673124EF19A700A88F57 /* SceneDelegate.swift */ = {isa = PBXFileReference; lastKnownFileType = sourcecode.swift; path = SceneDelegate.swift; sourceTree = "<group>"; };
		290B673324EF19A700A88F57 /* ViewController.swift */ = {isa = PBXFileReference; lastKnownFileType = sourcecode.swift; path = ViewController.swift; sourceTree = "<group>"; };
		290B673624EF19A700A88F57 /* Base */ = {isa = PBXFileReference; lastKnownFileType = file.storyboard; name = Base; path = Base.lproj/Main.storyboard; sourceTree = "<group>"; };
		290B673824EF19A900A88F57 /* Assets.xcassets */ = {isa = PBXFileReference; lastKnownFileType = folder.assetcatalog; path = Assets.xcassets; sourceTree = "<group>"; };
		290B673B24EF19A900A88F57 /* Base */ = {isa = PBXFileReference; lastKnownFileType = file.storyboard; name = Base; path = Base.lproj/LaunchScreen.storyboard; sourceTree = "<group>"; };
		290B673D24EF19A900A88F57 /* Info.plist */ = {isa = PBXFileReference; lastKnownFileType = text.plist.xml; path = Info.plist; sourceTree = "<group>"; };
		290B674224EF19AA00A88F57 /* TrekkerTests.xctest */ = {isa = PBXFileReference; explicitFileType = wrapper.cfbundle; includeInIndex = 0; path = TrekkerTests.xctest; sourceTree = BUILT_PRODUCTS_DIR; };
		290B674624EF19AA00A88F57 /* TrekkerTests.swift */ = {isa = PBXFileReference; lastKnownFileType = sourcecode.swift; path = TrekkerTests.swift; sourceTree = "<group>"; };
		290B674824EF19AA00A88F57 /* Info.plist */ = {isa = PBXFileReference; lastKnownFileType = text.plist.xml; path = Info.plist; sourceTree = "<group>"; };
		290B674D24EF19AA00A88F57 /* TrekkerUITests.xctest */ = {isa = PBXFileReference; explicitFileType = wrapper.cfbundle; includeInIndex = 0; path = TrekkerUITests.xctest; sourceTree = BUILT_PRODUCTS_DIR; };
		290B675124EF19AA00A88F57 /* TrekkerUITests.swift */ = {isa = PBXFileReference; lastKnownFileType = sourcecode.swift; path = TrekkerUITests.swift; sourceTree = "<group>"; };
		290B675324EF19AA00A88F57 /* Info.plist */ = {isa = PBXFileReference; lastKnownFileType = text.plist.xml; path = Info.plist; sourceTree = "<group>"; };
		290B675F24EF19D600A88F57 /* GoogleService-Info.plist */ = {isa = PBXFileReference; fileEncoding = 4; lastKnownFileType = text.plist.xml; path = "GoogleService-Info.plist"; sourceTree = "<group>"; };
		50AB77AE757E3CD1B8E77341 /* Pods-Trekker-TrekkerUITests.debug.xcconfig */ = {isa = PBXFileReference; includeInIndex = 1; lastKnownFileType = text.xcconfig; name = "Pods-Trekker-TrekkerUITests.debug.xcconfig"; path = "Target Support Files/Pods-Trekker-TrekkerUITests/Pods-Trekker-TrekkerUITests.debug.xcconfig"; sourceTree = "<group>"; };
		56992C64FC2A94107B867449 /* Pods-TrekkerTests.debug.xcconfig */ = {isa = PBXFileReference; includeInIndex = 1; lastKnownFileType = text.xcconfig; name = "Pods-TrekkerTests.debug.xcconfig"; path = "Target Support Files/Pods-TrekkerTests/Pods-TrekkerTests.debug.xcconfig"; sourceTree = "<group>"; };
		99FA62C750F42D59AA0B1A8F /* Pods_Trekker_TrekkerUITests.framework */ = {isa = PBXFileReference; explicitFileType = wrapper.framework; includeInIndex = 0; path = Pods_Trekker_TrekkerUITests.framework; sourceTree = BUILT_PRODUCTS_DIR; };
		A9CF8ED7FEA3C4D2D5F4E505 /* Pods-TrekkerTests.release.xcconfig */ = {isa = PBXFileReference; includeInIndex = 1; lastKnownFileType = text.xcconfig; name = "Pods-TrekkerTests.release.xcconfig"; path = "Target Support Files/Pods-TrekkerTests/Pods-TrekkerTests.release.xcconfig"; sourceTree = "<group>"; };
		C9669A6A06DBDD36CA6D5328 /* Pods-Trekker-TrekkerUITests.release.xcconfig */ = {isa = PBXFileReference; includeInIndex = 1; lastKnownFileType = text.xcconfig; name = "Pods-Trekker-TrekkerUITests.release.xcconfig"; path = "Target Support Files/Pods-Trekker-TrekkerUITests/Pods-Trekker-TrekkerUITests.release.xcconfig"; sourceTree = "<group>"; };
		CB429DBAECC7DAFC99910B21 /* Pods-Trekker.debug.xcconfig */ = {isa = PBXFileReference; includeInIndex = 1; lastKnownFileType = text.xcconfig; name = "Pods-Trekker.debug.xcconfig"; path = "Target Support Files/Pods-Trekker/Pods-Trekker.debug.xcconfig"; sourceTree = "<group>"; };
		D2A56733FE42294B7CB8B759 /* Pods-Trekker.release.xcconfig */ = {isa = PBXFileReference; includeInIndex = 1; lastKnownFileType = text.xcconfig; name = "Pods-Trekker.release.xcconfig"; path = "Target Support Files/Pods-Trekker/Pods-Trekker.release.xcconfig"; sourceTree = "<group>"; };
		DEC10E69C377FE9D6D6B2492 /* Pods_TrekkerTests.framework */ = {isa = PBXFileReference; explicitFileType = wrapper.framework; includeInIndex = 0; path = Pods_TrekkerTests.framework; sourceTree = BUILT_PRODUCTS_DIR; };
		F6A8916202146C5AF4927653 /* Pods_Trekker.framework */ = {isa = PBXFileReference; explicitFileType = wrapper.framework; includeInIndex = 0; path = Pods_Trekker.framework; sourceTree = BUILT_PRODUCTS_DIR; };
/* End PBXFileReference section */

/* Begin PBXFrameworksBuildPhase section */
		290B672924EF19A700A88F57 /* Frameworks */ = {
			isa = PBXFrameworksBuildPhase;
			buildActionMask = 2147483647;
			files = (
				4A0EFD8E441B0E34BCEABDE6 /* Pods_Trekker.framework in Frameworks */,
			);
			runOnlyForDeploymentPostprocessing = 0;
		};
		290B673F24EF19AA00A88F57 /* Frameworks */ = {
			isa = PBXFrameworksBuildPhase;
			buildActionMask = 2147483647;
			files = (
				C71A4F6FE3B289E3C5906AF2 /* Pods_TrekkerTests.framework in Frameworks */,
			);
			runOnlyForDeploymentPostprocessing = 0;
		};
		290B674A24EF19AA00A88F57 /* Frameworks */ = {
			isa = PBXFrameworksBuildPhase;
			buildActionMask = 2147483647;
			files = (
				95CF1BE8294AB66E1B06C5BD /* Pods_Trekker_TrekkerUITests.framework in Frameworks */,
			);
			runOnlyForDeploymentPostprocessing = 0;
		};
/* End PBXFrameworksBuildPhase section */

/* Begin PBXGroup section */
		290B672324EF19A700A88F57 = {
			isa = PBXGroup;
			children = (
				290B672E24EF19A700A88F57 /* Trekker */,
				290B674524EF19AA00A88F57 /* TrekkerTests */,
				290B675024EF19AA00A88F57 /* TrekkerUITests */,
				290B672D24EF19A700A88F57 /* Products */,
				A1388C4883FDEAC54C72E8AF /* Pods */,
				B76A7620643E449E2C0154CF /* Frameworks */,
			);
			sourceTree = "<group>";
		};
		290B672D24EF19A700A88F57 /* Products */ = {
			isa = PBXGroup;
			children = (
				290B672C24EF19A700A88F57 /* Trekker.app */,
				290B674224EF19AA00A88F57 /* TrekkerTests.xctest */,
				290B674D24EF19AA00A88F57 /* TrekkerUITests.xctest */,
			);
			name = Products;
			sourceTree = "<group>";
		};
		290B672E24EF19A700A88F57 /* Trekker */ = {
			isa = PBXGroup;
			children = (
				290B675F24EF19D600A88F57 /* GoogleService-Info.plist */,
				290B672F24EF19A700A88F57 /* AppDelegate.swift */,
				290B673124EF19A700A88F57 /* SceneDelegate.swift */,
				290B673324EF19A700A88F57 /* ViewController.swift */,
				290B673524EF19A700A88F57 /* Main.storyboard */,
				290B673824EF19A900A88F57 /* Assets.xcassets */,
				290B673A24EF19A900A88F57 /* LaunchScreen.storyboard */,
				290B673D24EF19A900A88F57 /* Info.plist */,
			);
			path = Trekker;
			sourceTree = "<group>";
		};
		290B674524EF19AA00A88F57 /* TrekkerTests */ = {
			isa = PBXGroup;
			children = (
				290B674624EF19AA00A88F57 /* TrekkerTests.swift */,
				290B674824EF19AA00A88F57 /* Info.plist */,
			);
			path = TrekkerTests;
			sourceTree = "<group>";
		};
		290B675024EF19AA00A88F57 /* TrekkerUITests */ = {
			isa = PBXGroup;
			children = (
				290B675124EF19AA00A88F57 /* TrekkerUITests.swift */,
				290B675324EF19AA00A88F57 /* Info.plist */,
			);
			path = TrekkerUITests;
			sourceTree = "<group>";
		};
		A1388C4883FDEAC54C72E8AF /* Pods */ = {
			isa = PBXGroup;
			children = (
				CB429DBAECC7DAFC99910B21 /* Pods-Trekker.debug.xcconfig */,
				D2A56733FE42294B7CB8B759 /* Pods-Trekker.release.xcconfig */,
				50AB77AE757E3CD1B8E77341 /* Pods-Trekker-TrekkerUITests.debug.xcconfig */,
				C9669A6A06DBDD36CA6D5328 /* Pods-Trekker-TrekkerUITests.release.xcconfig */,
				56992C64FC2A94107B867449 /* Pods-TrekkerTests.debug.xcconfig */,
				A9CF8ED7FEA3C4D2D5F4E505 /* Pods-TrekkerTests.release.xcconfig */,
			);
			name = Pods;
			path = Pods;
			sourceTree = "<group>";
		};
		B76A7620643E449E2C0154CF /* Frameworks */ = {
			isa = PBXGroup;
			children = (
				F6A8916202146C5AF4927653 /* Pods_Trekker.framework */,
				99FA62C750F42D59AA0B1A8F /* Pods_Trekker_TrekkerUITests.framework */,
				DEC10E69C377FE9D6D6B2492 /* Pods_TrekkerTests.framework */,
			);
			name = Frameworks;
			sourceTree = "<group>";
		};
/* End PBXGroup section */

/* Begin PBXNativeTarget section */
		290B672B24EF19A700A88F57 /* Trekker */ = {
			isa = PBXNativeTarget;
			buildConfigurationList = 290B675624EF19AA00A88F57 /* Build configuration list for PBXNativeTarget "Trekker" */;
			buildPhases = (
				AF1E3F109538C15DF22EBD52 /* [CP] Check Pods Manifest.lock */,
				290B672824EF19A700A88F57 /* Sources */,
				290B672924EF19A700A88F57 /* Frameworks */,
				290B672A24EF19A700A88F57 /* Resources */,
				BFB6F6156FE0BFDC041B53A6 /* [CP] Embed Pods Frameworks */,
			);
			buildRules = (
			);
			dependencies = (
			);
			name = Trekker;
			productName = Trekker;
			productReference = 290B672C24EF19A700A88F57 /* Trekker.app */;
			productType = "com.apple.product-type.application";
		};
		290B674124EF19AA00A88F57 /* TrekkerTests */ = {
			isa = PBXNativeTarget;
			buildConfigurationList = 290B675924EF19AA00A88F57 /* Build configuration list for PBXNativeTarget "TrekkerTests" */;
			buildPhases = (
				10478D646310DC8FCBECC60B /* [CP] Check Pods Manifest.lock */,
				290B673E24EF19AA00A88F57 /* Sources */,
				290B673F24EF19AA00A88F57 /* Frameworks */,
				290B674024EF19AA00A88F57 /* Resources */,
			);
			buildRules = (
			);
			dependencies = (
				290B674424EF19AA00A88F57 /* PBXTargetDependency */,
			);
			name = TrekkerTests;
			productName = TrekkerTests;
			productReference = 290B674224EF19AA00A88F57 /* TrekkerTests.xctest */;
			productType = "com.apple.product-type.bundle.unit-test";
		};
		290B674C24EF19AA00A88F57 /* TrekkerUITests */ = {
			isa = PBXNativeTarget;
			buildConfigurationList = 290B675C24EF19AA00A88F57 /* Build configuration list for PBXNativeTarget "TrekkerUITests" */;
			buildPhases = (
				866EF6EBC53743EA8EFAA927 /* [CP] Check Pods Manifest.lock */,
				290B674924EF19AA00A88F57 /* Sources */,
				290B674A24EF19AA00A88F57 /* Frameworks */,
				290B674B24EF19AA00A88F57 /* Resources */,
				81F8ABCAA66F6869EEE3E19A /* [CP] Embed Pods Frameworks */,
			);
			buildRules = (
			);
			dependencies = (
				290B674F24EF19AA00A88F57 /* PBXTargetDependency */,
			);
			name = TrekkerUITests;
			productName = TrekkerUITests;
			productReference = 290B674D24EF19AA00A88F57 /* TrekkerUITests.xctest */;
			productType = "com.apple.product-type.bundle.ui-testing";
		};
/* End PBXNativeTarget section */

/* Begin PBXProject section */
		290B672424EF19A700A88F57 /* Project object */ = {
			isa = PBXProject;
			attributes = {
				LastSwiftUpdateCheck = 1160;
				LastUpgradeCheck = 1160;
				ORGANIZATIONNAME = Firebase;
				TargetAttributes = {
					290B672B24EF19A700A88F57 = {
						CreatedOnToolsVersion = 11.6;
					};
					290B674124EF19AA00A88F57 = {
						CreatedOnToolsVersion = 11.6;
						TestTargetID = 290B672B24EF19A700A88F57;
					};
					290B674C24EF19AA00A88F57 = {
						CreatedOnToolsVersion = 11.6;
						TestTargetID = 290B672B24EF19A700A88F57;
					};
				};
			};
			buildConfigurationList = 290B672724EF19A700A88F57 /* Build configuration list for PBXProject "Trekker" */;
			compatibilityVersion = "Xcode 9.3";
			developmentRegion = en;
			hasScannedForEncodings = 0;
			knownRegions = (
				en,
				Base,
			);
			mainGroup = 290B672324EF19A700A88F57;
			productRefGroup = 290B672D24EF19A700A88F57 /* Products */;
			projectDirPath = "";
			projectRoot = "";
			targets = (
				290B672B24EF19A700A88F57 /* Trekker */,
				290B674124EF19AA00A88F57 /* TrekkerTests */,
				290B674C24EF19AA00A88F57 /* TrekkerUITests */,
			);
		};
/* End PBXProject section */

/* Begin PBXResourcesBuildPhase section */
		290B672A24EF19A700A88F57 /* Resources */ = {
			isa = PBXResourcesBuildPhase;
			buildActionMask = 2147483647;
			files = (
				290B673C24EF19A900A88F57 /* LaunchScreen.storyboard in Resources */,
				290B676024EF19D600A88F57 /* GoogleService-Info.plist in Resources */,
				290B673924EF19A900A88F57 /* Assets.xcassets in Resources */,
				290B673724EF19A700A88F57 /* Main.storyboard in Resources */,
			);
			runOnlyForDeploymentPostprocessing = 0;
		};
		290B674024EF19AA00A88F57 /* Resources */ = {
			isa = PBXResourcesBuildPhase;
			buildActionMask = 2147483647;
			files = (
			);
			runOnlyForDeploymentPostprocessing = 0;
		};
		290B674B24EF19AA00A88F57 /* Resources */ = {
			isa = PBXResourcesBuildPhase;
			buildActionMask = 2147483647;
			files = (
			);
			runOnlyForDeploymentPostprocessing = 0;
		};
/* End PBXResourcesBuildPhase section */

/* Begin PBXShellScriptBuildPhase section */
		10478D646310DC8FCBECC60B /* [CP] Check Pods Manifest.lock */ = {
			isa = PBXShellScriptBuildPhase;
			buildActionMask = 2147483647;
			files = (
			);
			inputFileListPaths = (
			);
			inputPaths = (
				"${PODS_PODFILE_DIR_PATH}/Podfile.lock",
				"${PODS_ROOT}/Manifest.lock",
			);
			name = "[CP] Check Pods Manifest.lock";
			outputFileListPaths = (
			);
			outputPaths = (
				"$(DERIVED_FILE_DIR)/Pods-TrekkerTests-checkManifestLockResult.txt",
			);
			runOnlyForDeploymentPostprocessing = 0;
			shellPath = /bin/sh;
			shellScript = "diff \"${PODS_PODFILE_DIR_PATH}/Podfile.lock\" \"${PODS_ROOT}/Manifest.lock\" > /dev/null\nif [ $? != 0 ] ; then\n    # print error to STDERR\n    echo \"error: The sandbox is not in sync with the Podfile.lock. Run 'pod install' or update your CocoaPods installation.\" >&2\n    exit 1\nfi\n# This output is used by Xcode 'outputs' to avoid re-running this script phase.\necho \"SUCCESS\" > \"${SCRIPT_OUTPUT_FILE_0}\"\n";
			showEnvVarsInLog = 0;
		};
		81F8ABCAA66F6869EEE3E19A /* [CP] Embed Pods Frameworks */ = {
			isa = PBXShellScriptBuildPhase;
			buildActionMask = 2147483647;
			files = (
			);
			inputFileListPaths = (
				"${PODS_ROOT}/Target Support Files/Pods-Trekker-TrekkerUITests/Pods-Trekker-TrekkerUITests-frameworks-${CONFIGURATION}-input-files.xcfilelist",
			);
			name = "[CP] Embed Pods Frameworks";
			outputFileListPaths = (
				"${PODS_ROOT}/Target Support Files/Pods-Trekker-TrekkerUITests/Pods-Trekker-TrekkerUITests-frameworks-${CONFIGURATION}-output-files.xcfilelist",
			);
			runOnlyForDeploymentPostprocessing = 0;
			shellPath = /bin/sh;
			shellScript = "\"${PODS_ROOT}/Target Support Files/Pods-Trekker-TrekkerUITests/Pods-Trekker-TrekkerUITests-frameworks.sh\"\n";
			showEnvVarsInLog = 0;
		};
		866EF6EBC53743EA8EFAA927 /* [CP] Check Pods Manifest.lock */ = {
			isa = PBXShellScriptBuildPhase;
			buildActionMask = 2147483647;
			files = (
			);
			inputFileListPaths = (
			);
			inputPaths = (
				"${PODS_PODFILE_DIR_PATH}/Podfile.lock",
				"${PODS_ROOT}/Manifest.lock",
			);
			name = "[CP] Check Pods Manifest.lock";
			outputFileListPaths = (
			);
			outputPaths = (
				"$(DERIVED_FILE_DIR)/Pods-Trekker-TrekkerUITests-checkManifestLockResult.txt",
			);
			runOnlyForDeploymentPostprocessing = 0;
			shellPath = /bin/sh;
			shellScript = "diff \"${PODS_PODFILE_DIR_PATH}/Podfile.lock\" \"${PODS_ROOT}/Manifest.lock\" > /dev/null\nif [ $? != 0 ] ; then\n    # print error to STDERR\n    echo \"error: The sandbox is not in sync with the Podfile.lock. Run 'pod install' or update your CocoaPods installation.\" >&2\n    exit 1\nfi\n# This output is used by Xcode 'outputs' to avoid re-running this script phase.\necho \"SUCCESS\" > \"${SCRIPT_OUTPUT_FILE_0}\"\n";
			showEnvVarsInLog = 0;
		};
		AF1E3F109538C15DF22EBD52 /* [CP] Check Pods Manifest.lock */ = {
			isa = PBXShellScriptBuildPhase;
			buildActionMask = 2147483647;
			files = (
			);
			inputFileListPaths = (
			);
			inputPaths = (
				"${PODS_PODFILE_DIR_PATH}/Podfile.lock",
				"${PODS_ROOT}/Manifest.lock",
			);
			name = "[CP] Check Pods Manifest.lock";
			outputFileListPaths = (
			);
			outputPaths = (
				"$(DERIVED_FILE_DIR)/Pods-Trekker-checkManifestLockResult.txt",
			);
			runOnlyForDeploymentPostprocessing = 0;
			shellPath = /bin/sh;
			shellScript = "diff \"${PODS_PODFILE_DIR_PATH}/Podfile.lock\" \"${PODS_ROOT}/Manifest.lock\" > /dev/null\nif [ $? != 0 ] ; then\n    # print error to STDERR\n    echo \"error: The sandbox is not in sync with the Podfile.lock. Run 'pod install' or update your CocoaPods installation.\" >&2\n    exit 1\nfi\n# This output is used by Xcode 'outputs' to avoid re-running this script phase.\necho \"SUCCESS\" > \"${SCRIPT_OUTPUT_FILE_0}\"\n";
			showEnvVarsInLog = 0;
		};
		BFB6F6156FE0BFDC041B53A6 /* [CP] Embed Pods Frameworks */ = {
			isa = PBXShellScriptBuildPhase;
			buildActionMask = 2147483647;
			files = (
			);
			inputFileListPaths = (
				"${PODS_ROOT}/Target Support Files/Pods-Trekker/Pods-Trekker-frameworks-${CONFIGURATION}-input-files.xcfilelist",
			);
			name = "[CP] Embed Pods Frameworks";
			outputFileListPaths = (
				"${PODS_ROOT}/Target Support Files/Pods-Trekker/Pods-Trekker-frameworks-${CONFIGURATION}-output-files.xcfilelist",
			);
			runOnlyForDeploymentPostprocessing = 0;
			shellPath = /bin/sh;
			shellScript = "\"${PODS_ROOT}/Target Support Files/Pods-Trekker/Pods-Trekker-frameworks.sh\"\n";
			showEnvVarsInLog = 0;
		};
/* End PBXShellScriptBuildPhase section */

/* Begin PBXSourcesBuildPhase section */
		290B672824EF19A700A88F57 /* Sources */ = {
			isa = PBXSourcesBuildPhase;
			buildActionMask = 2147483647;
			files = (
				290B673424EF19A700A88F57 /* ViewController.swift in Sources */,
				290B673024EF19A700A88F57 /* AppDelegate.swift in Sources */,
				290B673224EF19A700A88F57 /* SceneDelegate.swift in Sources */,
			);
			runOnlyForDeploymentPostprocessing = 0;
		};
		290B673E24EF19AA00A88F57 /* Sources */ = {
			isa = PBXSourcesBuildPhase;
			buildActionMask = 2147483647;
			files = (
				290B674724EF19AA00A88F57 /* TrekkerTests.swift in Sources */,
			);
			runOnlyForDeploymentPostprocessing = 0;
		};
		290B674924EF19AA00A88F57 /* Sources */ = {
			isa = PBXSourcesBuildPhase;
			buildActionMask = 2147483647;
			files = (
				290B675224EF19AA00A88F57 /* TrekkerUITests.swift in Sources */,
			);
			runOnlyForDeploymentPostprocessing = 0;
		};
/* End PBXSourcesBuildPhase section */

/* Begin PBXTargetDependency section */
		290B674424EF19AA00A88F57 /* PBXTargetDependency */ = {
			isa = PBXTargetDependency;
			target = 290B672B24EF19A700A88F57 /* Trekker */;
			targetProxy = 290B674324EF19AA00A88F57 /* PBXContainerItemProxy */;
		};
		290B674F24EF19AA00A88F57 /* PBXTargetDependency */ = {
			isa = PBXTargetDependency;
			target = 290B672B24EF19A700A88F57 /* Trekker */;
			targetProxy = 290B674E24EF19AA00A88F57 /* PBXContainerItemProxy */;
		};
/* End PBXTargetDependency section */

/* Begin PBXVariantGroup section */
		290B673524EF19A700A88F57 /* Main.storyboard */ = {
			isa = PBXVariantGroup;
			children = (
				290B673624EF19A700A88F57 /* Base */,
			);
			name = Main.storyboard;
			sourceTree = "<group>";
		};
		290B673A24EF19A900A88F57 /* LaunchScreen.storyboard */ = {
			isa = PBXVariantGroup;
			children = (
				290B673B24EF19A900A88F57 /* Base */,
			);
			name = LaunchScreen.storyboard;
			sourceTree = "<group>";
		};
/* End PBXVariantGroup section */

/* Begin XCBuildConfiguration section */
		290B675424EF19AA00A88F57 /* Debug */ = {
			isa = XCBuildConfiguration;
			buildSettings = {
				ALWAYS_SEARCH_USER_PATHS = NO;
				CLANG_ANALYZER_NONNULL = YES;
				CLANG_ANALYZER_NUMBER_OBJECT_CONVERSION = YES_AGGRESSIVE;
				CLANG_CXX_LANGUAGE_STANDARD = "gnu++14";
				CLANG_CXX_LIBRARY = "libc++";
				CLANG_ENABLE_MODULES = YES;
				CLANG_ENABLE_OBJC_ARC = YES;
				CLANG_ENABLE_OBJC_WEAK = YES;
				CLANG_WARN_BLOCK_CAPTURE_AUTORELEASING = YES;
				CLANG_WARN_BOOL_CONVERSION = YES;
				CLANG_WARN_COMMA = YES;
				CLANG_WARN_CONSTANT_CONVERSION = YES;
				CLANG_WARN_DEPRECATED_OBJC_IMPLEMENTATIONS = YES;
				CLANG_WARN_DIRECT_OBJC_ISA_USAGE = YES_ERROR;
				CLANG_WARN_DOCUMENTATION_COMMENTS = YES;
				CLANG_WARN_EMPTY_BODY = YES;
				CLANG_WARN_ENUM_CONVERSION = YES;
				CLANG_WARN_INFINITE_RECURSION = YES;
				CLANG_WARN_INT_CONVERSION = YES;
				CLANG_WARN_NON_LITERAL_NULL_CONVERSION = YES;
				CLANG_WARN_OBJC_IMPLICIT_RETAIN_SELF = YES;
				CLANG_WARN_OBJC_LITERAL_CONVERSION = YES;
				CLANG_WARN_OBJC_ROOT_CLASS = YES_ERROR;
				CLANG_WARN_RANGE_LOOP_ANALYSIS = YES;
				CLANG_WARN_STRICT_PROTOTYPES = YES;
				CLANG_WARN_SUSPICIOUS_MOVE = YES;
				CLANG_WARN_UNGUARDED_AVAILABILITY = YES_AGGRESSIVE;
				CLANG_WARN_UNREACHABLE_CODE = YES;
				CLANG_WARN__DUPLICATE_METHOD_MATCH = YES;
				COPY_PHASE_STRIP = NO;
				DEBUG_INFORMATION_FORMAT = dwarf;
				ENABLE_STRICT_OBJC_MSGSEND = YES;
				ENABLE_TESTABILITY = YES;
				GCC_C_LANGUAGE_STANDARD = gnu11;
				GCC_DYNAMIC_NO_PIC = NO;
				GCC_NO_COMMON_BLOCKS = YES;
				GCC_OPTIMIZATION_LEVEL = 0;
				GCC_PREPROCESSOR_DEFINITIONS = (
					"DEBUG=1",
					"$(inherited)",
				);
				GCC_WARN_64_TO_32_BIT_CONVERSION = YES;
				GCC_WARN_ABOUT_RETURN_TYPE = YES_ERROR;
				GCC_WARN_UNDECLARED_SELECTOR = YES;
				GCC_WARN_UNINITIALIZED_AUTOS = YES_AGGRESSIVE;
				GCC_WARN_UNUSED_FUNCTION = YES;
				GCC_WARN_UNUSED_VARIABLE = YES;
				IPHONEOS_DEPLOYMENT_TARGET = 13.6;
				MTL_ENABLE_DEBUG_INFO = INCLUDE_SOURCE;
				MTL_FAST_MATH = YES;
				ONLY_ACTIVE_ARCH = YES;
				SDKROOT = iphoneos;
				SWIFT_ACTIVE_COMPILATION_CONDITIONS = DEBUG;
				SWIFT_OPTIMIZATION_LEVEL = "-Onone";
			};
			name = Debug;
		};
		290B675524EF19AA00A88F57 /* Release */ = {
			isa = XCBuildConfiguration;
			buildSettings = {
				ALWAYS_SEARCH_USER_PATHS = NO;
				CLANG_ANALYZER_NONNULL = YES;
				CLANG_ANALYZER_NUMBER_OBJECT_CONVERSION = YES_AGGRESSIVE;
				CLANG_CXX_LANGUAGE_STANDARD = "gnu++14";
				CLANG_CXX_LIBRARY = "libc++";
				CLANG_ENABLE_MODULES = YES;
				CLANG_ENABLE_OBJC_ARC = YES;
				CLANG_ENABLE_OBJC_WEAK = YES;
				CLANG_WARN_BLOCK_CAPTURE_AUTORELEASING = YES;
				CLANG_WARN_BOOL_CONVERSION = YES;
				CLANG_WARN_COMMA = YES;
				CLANG_WARN_CONSTANT_CONVERSION = YES;
				CLANG_WARN_DEPRECATED_OBJC_IMPLEMENTATIONS = YES;
				CLANG_WARN_DIRECT_OBJC_ISA_USAGE = YES_ERROR;
				CLANG_WARN_DOCUMENTATION_COMMENTS = YES;
				CLANG_WARN_EMPTY_BODY = YES;
				CLANG_WARN_ENUM_CONVERSION = YES;
				CLANG_WARN_INFINITE_RECURSION = YES;
				CLANG_WARN_INT_CONVERSION = YES;
				CLANG_WARN_NON_LITERAL_NULL_CONVERSION = YES;
				CLANG_WARN_OBJC_IMPLICIT_RETAIN_SELF = YES;
				CLANG_WARN_OBJC_LITERAL_CONVERSION = YES;
				CLANG_WARN_OBJC_ROOT_CLASS = YES_ERROR;
				CLANG_WARN_RANGE_LOOP_ANALYSIS = YES;
				CLANG_WARN_STRICT_PROTOTYPES = YES;
				CLANG_WARN_SUSPICIOUS_MOVE = YES;
				CLANG_WARN_UNGUARDED_AVAILABILITY = YES_AGGRESSIVE;
				CLANG_WARN_UNREACHABLE_CODE = YES;
				CLANG_WARN__DUPLICATE_METHOD_MATCH = YES;
				COPY_PHASE_STRIP = NO;
				DEBUG_INFORMATION_FORMAT = "dwarf-with-dsym";
				ENABLE_NS_ASSERTIONS = NO;
				ENABLE_STRICT_OBJC_MSGSEND = YES;
				GCC_C_LANGUAGE_STANDARD = gnu11;
				GCC_NO_COMMON_BLOCKS = YES;
				GCC_WARN_64_TO_32_BIT_CONVERSION = YES;
				GCC_WARN_ABOUT_RETURN_TYPE = YES_ERROR;
				GCC_WARN_UNDECLARED_SELECTOR = YES;
				GCC_WARN_UNINITIALIZED_AUTOS = YES_AGGRESSIVE;
				GCC_WARN_UNUSED_FUNCTION = YES;
				GCC_WARN_UNUSED_VARIABLE = YES;
				IPHONEOS_DEPLOYMENT_TARGET = 13.6;
				MTL_ENABLE_DEBUG_INFO = NO;
				MTL_FAST_MATH = YES;
				SDKROOT = iphoneos;
				SWIFT_COMPILATION_MODE = wholemodule;
				SWIFT_OPTIMIZATION_LEVEL = "-O";
				VALIDATE_PRODUCT = YES;
			};
			name = Release;
		};
		290B675724EF19AA00A88F57 /* Debug */ = {
			isa = XCBuildConfiguration;
			baseConfigurationReference = CB429DBAECC7DAFC99910B21 /* Pods-Trekker.debug.xcconfig */;
			buildSettings = {
				ASSETCATALOG_COMPILER_APPICON_NAME = AppIcon;
				CODE_SIGN_STYLE = Automatic;
				INFOPLIST_FILE = Trekker/Info.plist;
				LD_RUNPATH_SEARCH_PATHS = (
					"$(inherited)",
					"@executable_path/Frameworks",
				);
				PRODUCT_BUNDLE_IDENTIFIER = com.firebase.Trekker;
				PRODUCT_NAME = "$(TARGET_NAME)";
				SWIFT_VERSION = 5.0;
				TARGETED_DEVICE_FAMILY = "1,2";
			};
			name = Debug;
		};
		290B675824EF19AA00A88F57 /* Release */ = {
			isa = XCBuildConfiguration;
			baseConfigurationReference = D2A56733FE42294B7CB8B759 /* Pods-Trekker.release.xcconfig */;
			buildSettings = {
				ASSETCATALOG_COMPILER_APPICON_NAME = AppIcon;
				CODE_SIGN_STYLE = Automatic;
				INFOPLIST_FILE = Trekker/Info.plist;
				LD_RUNPATH_SEARCH_PATHS = (
					"$(inherited)",
					"@executable_path/Frameworks",
				);
				PRODUCT_BUNDLE_IDENTIFIER = com.firebase.Trekker;
				PRODUCT_NAME = "$(TARGET_NAME)";
				SWIFT_VERSION = 5.0;
				TARGETED_DEVICE_FAMILY = "1,2";
			};
			name = Release;
		};
		290B675A24EF19AA00A88F57 /* Debug */ = {
			isa = XCBuildConfiguration;
			baseConfigurationReference = 56992C64FC2A94107B867449 /* Pods-TrekkerTests.debug.xcconfig */;
			buildSettings = {
				ALWAYS_EMBED_SWIFT_STANDARD_LIBRARIES = YES;
				BUNDLE_LOADER = "$(TEST_HOST)";
				CODE_SIGN_STYLE = Automatic;
				INFOPLIST_FILE = TrekkerTests/Info.plist;
				IPHONEOS_DEPLOYMENT_TARGET = 13.6;
				LD_RUNPATH_SEARCH_PATHS = (
					"$(inherited)",
					"@executable_path/Frameworks",
					"@loader_path/Frameworks",
				);
				PRODUCT_BUNDLE_IDENTIFIER = com.firebase.TrekkerTests;
				PRODUCT_NAME = "$(TARGET_NAME)";
				SWIFT_VERSION = 5.0;
				TARGETED_DEVICE_FAMILY = "1,2";
				TEST_HOST = "$(BUILT_PRODUCTS_DIR)/Trekker.app/Trekker";
			};
			name = Debug;
		};
		290B675B24EF19AA00A88F57 /* Release */ = {
			isa = XCBuildConfiguration;
			baseConfigurationReference = A9CF8ED7FEA3C4D2D5F4E505 /* Pods-TrekkerTests.release.xcconfig */;
			buildSettings = {
				ALWAYS_EMBED_SWIFT_STANDARD_LIBRARIES = YES;
				BUNDLE_LOADER = "$(TEST_HOST)";
				CODE_SIGN_STYLE = Automatic;
				INFOPLIST_FILE = TrekkerTests/Info.plist;
				IPHONEOS_DEPLOYMENT_TARGET = 13.6;
				LD_RUNPATH_SEARCH_PATHS = (
					"$(inherited)",
					"@executable_path/Frameworks",
					"@loader_path/Frameworks",
				);
				PRODUCT_BUNDLE_IDENTIFIER = com.firebase.TrekkerTests;
				PRODUCT_NAME = "$(TARGET_NAME)";
				SWIFT_VERSION = 5.0;
				TARGETED_DEVICE_FAMILY = "1,2";
				TEST_HOST = "$(BUILT_PRODUCTS_DIR)/Trekker.app/Trekker";
			};
			name = Release;
		};
		290B675D24EF19AA00A88F57 /* Debug */ = {
			isa = XCBuildConfiguration;
			baseConfigurationReference = 50AB77AE757E3CD1B8E77341 /* Pods-Trekker-TrekkerUITests.debug.xcconfig */;
			buildSettings = {
				ALWAYS_EMBED_SWIFT_STANDARD_LIBRARIES = YES;
				CODE_SIGN_STYLE = Automatic;
				INFOPLIST_FILE = TrekkerUITests/Info.plist;
				LD_RUNPATH_SEARCH_PATHS = (
					"$(inherited)",
					"@executable_path/Frameworks",
					"@loader_path/Frameworks",
				);
				PRODUCT_BUNDLE_IDENTIFIER = com.firebase.TrekkerUITests;
				PRODUCT_NAME = "$(TARGET_NAME)";
				SWIFT_VERSION = 5.0;
				TARGETED_DEVICE_FAMILY = "1,2";
				TEST_TARGET_NAME = Trekker;
			};
			name = Debug;
		};
		290B675E24EF19AA00A88F57 /* Release */ = {
			isa = XCBuildConfiguration;
			baseConfigurationReference = C9669A6A06DBDD36CA6D5328 /* Pods-Trekker-TrekkerUITests.release.xcconfig */;
			buildSettings = {
				ALWAYS_EMBED_SWIFT_STANDARD_LIBRARIES = YES;
				CODE_SIGN_STYLE = Automatic;
				INFOPLIST_FILE = TrekkerUITests/Info.plist;
				LD_RUNPATH_SEARCH_PATHS = (
					"$(inherited)",
					"@executable_path/Frameworks",
					"@loader_path/Frameworks",
				);
				PRODUCT_BUNDLE_IDENTIFIER = com.firebase.TrekkerUITests;
				PRODUCT_NAME = "$(TARGET_NAME)";
				SWIFT_VERSION = 5.0;
				TARGETED_DEVICE_FAMILY = "1,2";
				TEST_TARGET_NAME = Trekker;
			};
			name = Release;
		};
/* End XCBuildConfiguration section */

/* Begin XCConfigurationList section */
		290B672724EF19A700A88F57 /* Build configuration list for PBXProject "Trekker" */ = {
			isa = XCConfigurationList;
			buildConfigurations = (
				290B675424EF19AA00A88F57 /* Debug */,
				290B675524EF19AA00A88F57 /* Release */,
			);
			defaultConfigurationIsVisible = 0;
			defaultConfigurationName = Release;
		};
		290B675624EF19AA00A88F57 /* Build configuration list for PBXNativeTarget "Trekker" */ = {
			isa = XCConfigurationList;
			buildConfigurations = (
				290B675724EF19AA00A88F57 /* Debug */,
				290B675824EF19AA00A88F57 /* Release */,
			);
			defaultConfigurationIsVisible = 0;
			defaultConfigurationName = Release;
		};
		290B675924EF19AA00A88F57 /* Build configuration list for PBXNativeTarget "TrekkerTests" */ = {
			isa = XCConfigurationList;
			buildConfigurations = (
				290B675A24EF19AA00A88F57 /* Debug */,
				290B675B24EF19AA00A88F57 /* Release */,
			);
			defaultConfigurationIsVisible = 0;
			defaultConfigurationName = Release;
		};
		290B675C24EF19AA00A88F57 /* Build configuration list for PBXNativeTarget "TrekkerUITests" */ = {
			isa = XCConfigurationList;
			buildConfigurations = (
				290B675D24EF19AA00A88F57 /* Debug */,
				290B675E24EF19AA00A88F57 /* Release */,
			);
			defaultConfigurationIsVisible = 0;
			defaultConfigurationName = Release;
		};
/* End XCConfigurationList section */
	};
	rootObject = 290B672424EF19A700A88F57 /* Project object */;
}
